
Microsoft Visual Studio Solution File, Format Version 12.00
# Visual Studio 15
VisualStudioVersion = 15.0.27703.2035
MinimumVisualStudioVersion = 10.0.40219.1
Project("{FAE04EC0-301F-11D3-BF4B-00C04F79EFBC}") = "project", "project\project.csproj", "{8536478A-D7B1-436B-8575-1C0862441FEA}"
EndProject
Global
	GlobalSection(SolutionConfigurationPlatforms) = preSolution
		Debug|Any CPU = Debug|Any CPU
		Release|Any CPU = Release|Any CPU
	EndGlobalSection
	GlobalSection(ProjectConfigurationPlatforms) = postSolution
		{8536478A-D7B1-436B-8575-1C0862441FEA}.Debug|Any CPU.ActiveCfg = Debug|Any CPU
		{8536478A-D7B1-436B-8575-1C0862441FEA}.Debug|Any CPU.Build.0 = Debug|Any CPU
		{8536478A-D7B1-436B-8575-1C0862441FEA}.Release|Any CPU.ActiveCfg = Release|Any CPU
		{8536478A-D7B1-436B-8575-1C0862441FEA}.Release|Any CPU.Build.0 = Release|Any CPU
	EndGlobalSection
	GlobalSection(SolutionProperties) = preSolution
		HideSolutionNode = FALSE
	EndGlobalSection
	GlobalSection(ExtensibilityGlobals) = postSolution
		SolutionGuid = {09952F03-6C95-41DD-8522-BCB45D1298A4}
	EndGlobalSection
EndGlobal
